
Microsoft Visual Studio Solution File, Format Version 12.00
# Visual Studio Version 16
VisualStudioVersion = 16.0.31005.135
MinimumVisualStudioVersion = 10.0.40219.1
Project("{FAE04EC0-301F-11D3-BF4B-00C04F79EFBC}") = "university-binary-tree", "university-binary-tree\university-binary-tree.csproj", "{5A3EFBC7-A5D4-4091-B400-E01A6F50477D}"
EndProject
Global
	GlobalSection(SolutionConfigurationPlatforms) = preSolution
		Debug|Any CPU = Debug|Any CPU
		Release|Any CPU = Release|Any CPU
	EndGlobalSection
	GlobalSection(ProjectConfigurationPlatforms) = postSolution
		{5A3EFBC7-A5D4-4091-B400-E01A6F50477D}.Debug|Any CPU.ActiveCfg = Debug|Any CPU
		{5A3EFBC7-A5D4-4091-B400-E01A6F50477D}.Debug|Any CPU.Build.0 = Debug|Any CPU
		{5A3EFBC7-A5D4-4091-B400-E01A6F50477D}.Release|Any CPU.ActiveCfg = Release|Any CPU
		{5A3EFBC7-A5D4-4091-B400-E01A6F50477D}.Release|Any CPU.Build.0 = Release|Any CPU
	EndGlobalSection
	GlobalSection(SolutionProperties) = preSolution
		HideSolutionNode = FALSE
	EndGlobalSection
	GlobalSection(ExtensibilityGlobals) = postSolution
		SolutionGuid = {1C43B897-5F0F-4C4E-B26C-1FBAB7652A04}
	EndGlobalSection
EndGlobal
